
Microsoft Visual Studio Solution File, Format Version 12.00
# Visual Studio Version 17
VisualStudioVersion = 17.9.34723.18
MinimumVisualStudioVersion = 10.0.40219.1
Project("{FAE04EC0-301F-11D3-BF4B-00C04F79EFBC}") = "GitHubRepositories", "GitHubRepositories.csproj", "{4203DFB2-85D9-4AC4-8CBC-B7A4ED49B01D}"
EndProject
Global
	GlobalSection(SolutionConfigurationPlatforms) = preSolution
		Debug|Any CPU = Debug|Any CPU
		Release|Any CPU = Release|Any CPU
	EndGlobalSection
	GlobalSection(ProjectConfigurationPlatforms) = postSolution
		{4203DFB2-85D9-4AC4-8CBC-B7A4ED49B01D}.Debug|Any CPU.ActiveCfg = Debug|Any CPU
		{4203DFB2-85D9-4AC4-8CBC-B7A4ED49B01D}.Debug|Any CPU.Build.0 = Debug|Any CPU
		{4203DFB2-85D9-4AC4-8CBC-B7A4ED49B01D}.Release|Any CPU.ActiveCfg = Release|Any CPU
		{4203DFB2-85D9-4AC4-8CBC-B7A4ED49B01D}.Release|Any CPU.Build.0 = Release|Any CPU
	EndGlobalSection
	GlobalSection(SolutionProperties) = preSolution
		HideSolutionNode = FALSE
	EndGlobalSection
	GlobalSection(ExtensibilityGlobals) = postSolution
		SolutionGuid = {70990B01-6374-41B4-BBBD-7EA5E42E1697}
	EndGlobalSection
EndGlobal
